dependencies:
- name: postgresql
  repository: https://charts.bitnami.com/bitnami
  version: 18.2.3
- name: prometheus
  repository: https://prometheus-community.github.io/helm-charts
  version: 25.21.0
- name: grafana
  repository: https://grafana.github.io/helm-charts
  version: 10.5.12
- name: traefik
  repository: https://traefik.github.io/charts
  version: 36.0.0
digest: sha256:1c51f1f5b1efd37b6a612171decb89fd6cd3386f7291b72cfa136a5c5d925140
generated: "2026-01-27T18:29:01.7780647+02:00"
