dependencies:
- name: postgresql
  repository: https://charts.bitnami.com/bitnami
  version: 18.2.3
- name: prometheus
  repository: https://prometheus-community.github.io/helm-charts
  version: 25.21.0
- name: grafana
  repository: https://grafana.github.io/helm-charts
  version: 10.5.12
- name: traefik
  repository: https://traefik.github.io/charts
  version: 39.0.0
digest: sha256:66e1a72394b3b9fd2f431af75a6dc893a2a2abdcab21fdd25d348b7c1aac6ee5
generated: "2026-01-27T17:42:50.9746845+02:00"
